
Microsoft Visual Studio Solution File, Format Version 12.00
# Visual Studio 15
VisualStudioVersion = 15.0.26730.8
MinimumVisualStudioVersion = 10.0.40219.1
Project("{9A19103F-16F7-4668-BE54-9A1E7A4F7556}") = "MadplanVbkAsp", "MadplanVbkAsp\MadplanVbkAsp.csproj", "{0DEB1CFE-3F87-456D-84EC-63851CC389D2}"
EndProject
Global
	GlobalSection(SolutionConfigurationPlatforms) = preSolution
		Debug|Any CPU = Debug|Any CPU
		Release|Any CPU = Release|Any CPU
	EndGlobalSection
	GlobalSection(ProjectConfigurationPlatforms) = postSolution
		{0DEB1CFE-3F87-456D-84EC-63851CC389D2}.Debug|Any CPU.ActiveCfg = Debug|Any CPU
		{0DEB1CFE-3F87-456D-84EC-63851CC389D2}.Debug|Any CPU.Build.0 = Debug|Any CPU
		{0DEB1CFE-3F87-456D-84EC-63851CC389D2}.Release|Any CPU.ActiveCfg = Release|Any CPU
		{0DEB1CFE-3F87-456D-84EC-63851CC389D2}.Release|Any CPU.Build.0 = Release|Any CPU
	EndGlobalSection
	GlobalSection(SolutionProperties) = preSolution
		HideSolutionNode = FALSE
	EndGlobalSection
	GlobalSection(ExtensibilityGlobals) = postSolution
		SolutionGuid = {BB8AE7C2-F203-4681-BFFB-855AE87E449F}
	EndGlobalSection
EndGlobal
